
Microsoft Visual Studio Solution File, Format Version 11.00
# Visual Studio 2010
Project("{FAE04EC0-301F-11D3-BF4B-00C04F79EFBC}") = "EverCraft", "EverCraft\EverCraft.csproj", "{508031CF-E379-44A3-8011-981B42675B75}"
EndProject
Project("{FAE04EC0-301F-11D3-BF4B-00C04F79EFBC}") = "Tests.EverCraft", "Tests.EverCraft\Tests.EverCraft.csproj", "{DCA6ECE6-93FE-4E1F-A5DC-9D1A5545A10F}"
EndProject
Global
	GlobalSection(SolutionConfigurationPlatforms) = preSolution
		Debug|Any CPU = Debug|Any CPU
		Release|Any CPU = Release|Any CPU
	EndGlobalSection
	GlobalSection(ProjectConfigurationPlatforms) = postSolution
		{508031CF-E379-44A3-8011-981B42675B75}.Debug|Any CPU.ActiveCfg = Debug|Any CPU
		{508031CF-E379-44A3-8011-981B42675B75}.Debug|Any CPU.Build.0 = Debug|Any CPU
		{508031CF-E379-44A3-8011-981B42675B75}.Release|Any CPU.ActiveCfg = Release|Any CPU
		{508031CF-E379-44A3-8011-981B42675B75}.Release|Any CPU.Build.0 = Release|Any CPU
		{DCA6ECE6-93FE-4E1F-A5DC-9D1A5545A10F}.Debug|Any CPU.ActiveCfg = Debug|Any CPU
		{DCA6ECE6-93FE-4E1F-A5DC-9D1A5545A10F}.Debug|Any CPU.Build.0 = Debug|Any CPU
		{DCA6ECE6-93FE-4E1F-A5DC-9D1A5545A10F}.Release|Any CPU.ActiveCfg = Release|Any CPU
		{DCA6ECE6-93FE-4E1F-A5DC-9D1A5545A10F}.Release|Any CPU.Build.0 = Release|Any CPU
	EndGlobalSection
	GlobalSection(SolutionProperties) = preSolution
		HideSolutionNode = FALSE
	EndGlobalSection
EndGlobal
